
Microsoft Visual Studio Solution File, Format Version 12.00
# Visual Studio 15
VisualStudioVersion = 15.0.28307.960
MinimumVisualStudioVersion = 10.0.40219.1
Project("{8BC9CEB8-8B4A-11D0-8D11-00A0C91BC942}") = "link_list_with_struct", "link_list_with_struct\link_list_with_struct.vcxproj", "{24310223-1039-4EE4-9FB3-B8C47A1735F2}"
EndProject
Global
	GlobalSection(SolutionConfigurationPlatforms) = preSolution
		Debug|x64 = Debug|x64
		Debug|x86 = Debug|x86
		Release|x64 = Release|x64
		Release|x86 = Release|x86
	EndGlobalSection
	GlobalSection(ProjectConfigurationPlatforms) = postSolution
		{24310223-1039-4EE4-9FB3-B8C47A1735F2}.Debug|x64.ActiveCfg = Debug|x64
		{24310223-1039-4EE4-9FB3-B8C47A1735F2}.Debug|x64.Build.0 = Debug|x64
		{24310223-1039-4EE4-9FB3-B8C47A1735F2}.Debug|x86.ActiveCfg = Debug|Win32
		{24310223-1039-4EE4-9FB3-B8C47A1735F2}.Debug|x86.Build.0 = Debug|Win32
		{24310223-1039-4EE4-9FB3-B8C47A1735F2}.Release|x64.ActiveCfg = Release|x64
		{24310223-1039-4EE4-9FB3-B8C47A1735F2}.Release|x64.Build.0 = Release|x64
		{24310223-1039-4EE4-9FB3-B8C47A1735F2}.Release|x86.ActiveCfg = Release|Win32
		{24310223-1039-4EE4-9FB3-B8C47A1735F2}.Release|x86.Build.0 = Release|Win32
	EndGlobalSection
	GlobalSection(SolutionProperties) = preSolution
		HideSolutionNode = FALSE
	EndGlobalSection
	GlobalSection(ExtensibilityGlobals) = postSolution
		SolutionGuid = {FFB3AE30-0352-4023-8068-F3247C390E70}
	EndGlobalSection
EndGlobal
